
Microsoft Visual Studio Solution File, Format Version 12.00
# Visual Studio Version 17
VisualStudioVersion = 17.9.34728.123
MinimumVisualStudioVersion = 10.0.40219.1
Project("{FAE04EC0-301F-11D3-BF4B-00C04F79EFBC}") = "ClientCreator", "ClientCreator\ClientCreator.csproj", "{31EC1F52-674C-4695-869C-7EC1BC228D92}"
EndProject
Global
	GlobalSection(SolutionConfigurationPlatforms) = preSolution
		Debug|Any CPU = Debug|Any CPU
		Release|Any CPU = Release|Any CPU
	EndGlobalSection
	GlobalSection(ProjectConfigurationPlatforms) = postSolution
		{31EC1F52-674C-4695-869C-7EC1BC228D92}.Debug|Any CPU.ActiveCfg = Debug|Any CPU
		{31EC1F52-674C-4695-869C-7EC1BC228D92}.Debug|Any CPU.Build.0 = Debug|Any CPU
		{31EC1F52-674C-4695-869C-7EC1BC228D92}.Debug|Any CPU.Deploy.0 = Debug|Any CPU
		{31EC1F52-674C-4695-869C-7EC1BC228D92}.Release|Any CPU.ActiveCfg = Release|Any CPU
		{31EC1F52-674C-4695-869C-7EC1BC228D92}.Release|Any CPU.Build.0 = Release|Any CPU
		{31EC1F52-674C-4695-869C-7EC1BC228D92}.Release|Any CPU.Deploy.0 = Release|Any CPU
	EndGlobalSection
	GlobalSection(SolutionProperties) = preSolution
		HideSolutionNode = FALSE
	EndGlobalSection
	GlobalSection(ExtensibilityGlobals) = postSolution
		SolutionGuid = {378F610F-1E41-40D7-8F90-379B52CFEBF0}
	EndGlobalSection
EndGlobal
